{
  "name": "lefthook",
  "lockfileVersion": 2,
  "requires": true,
  "packages": {
    "": {
      "devDependencies": {
        "@evilmartians/lefthook": "^1.1.1"
      }
    },
    "node_modules/@evilmartians/lefthook": {
      "version": "1.1.1",
      "resolved": "https://registry.npmjs.org/@evilmartians/lefthook/-/lefthook-1.1.1.tgz",
      "integrity": "sha512-5C/AD937A6jz4mdBLAKXIeYVkxvLmPWxlv1YWfuHcIwZ2wp4W3z1Htjjtp+7gtO41CoCycIJcaxLfwaAsbS6qA==",
      "cpu": [
        "x64",
        "arm64",
        "ia32"
      ],
      "dev": true,
      "hasInstallScript": true,
      "os": [
        "darwin",
        "linux",
        "win32"
      ],
      "bin": {
        "lefthook": "bin/index.js"
      }
    }
  },
  "dependencies": {
    "@evilmartians/lefthook": {
      "version": "1.1.1",
      "resolved": "https://registry.npmjs.org/@evilmartians/lefthook/-/lefthook-1.1.1.tgz",
      "integrity": "sha512-5C/AD937A6jz4mdBLAKXIeYVkxvLmPWxlv1YWfuHcIwZ2wp4W3z1Htjjtp+7gtO41CoCycIJcaxLfwaAsbS6qA==",
      "dev": true
    }
  }
}
